
Microsoft Visual Studio Solution File, Format Version 12.00
# Visual Studio Version 16
VisualStudioVersion = 16.0.28407.52
MinimumVisualStudioVersion = 10.0.40219.1
Project("{FAE04EC0-301F-11D3-BF4B-00C04F79EFBC}") = "SessionTest", "SessionTest\SessionTest.csproj", "{FF0246FE-9FBB-4F51-BCE2-A0C45EDBB00A}"
EndProject
Global
	GlobalSection(SolutionConfigurationPlatforms) = preSolution
		Debug|Any CPU = Debug|Any CPU
		Release|Any CPU = Release|Any CPU
	EndGlobalSection
	GlobalSection(ProjectConfigurationPlatforms) = postSolution
		{FF0246FE-9FBB-4F51-BCE2-A0C45EDBB00A}.Debug|Any CPU.ActiveCfg = Debug|Any CPU
		{FF0246FE-9FBB-4F51-BCE2-A0C45EDBB00A}.Debug|Any CPU.Build.0 = Debug|Any CPU
		{FF0246FE-9FBB-4F51-BCE2-A0C45EDBB00A}.Release|Any CPU.ActiveCfg = Release|Any CPU
		{FF0246FE-9FBB-4F51-BCE2-A0C45EDBB00A}.Release|Any CPU.Build.0 = Release|Any CPU
	EndGlobalSection
	GlobalSection(SolutionProperties) = preSolution
		HideSolutionNode = FALSE
	EndGlobalSection
	GlobalSection(ExtensibilityGlobals) = postSolution
		SolutionGuid = {1482614F-2F41-43C3-BC28-8AD39737627C}
	EndGlobalSection
EndGlobal
